{
  "name": "sketches",
  "version": "0.0.1",
  "lockfileVersion": 2,
  "requires": true,
  "packages": {
    "": {
      "name": "sketches",
      "version": "0.0.1",
      "license": "MIT",
      "dependencies": {
        "@types/webaudioapi": "^0.0.27"
      }
    },
    "node_modules/@types/webaudioapi": {
      "version": "0.0.27",
      "resolved": "https://registry.npmjs.org/@types/webaudioapi/-/webaudioapi-0.0.27.tgz",
      "integrity": "sha512-UWVaT2JkjAMU0x9BHWE8Lm4cFfVAzd5Av1v+b7phOXBY047prADh/dz+VW5SG0CxVutcE7DXtR9rTKFq76ODaQ=="
    }
  },
  "dependencies": {
    "@types/webaudioapi": {
      "version": "0.0.27",
      "resolved": "https://registry.npmjs.org/@types/webaudioapi/-/webaudioapi-0.0.27.tgz",
      "integrity": "sha512-UWVaT2JkjAMU0x9BHWE8Lm4cFfVAzd5Av1v+b7phOXBY047prADh/dz+VW5SG0CxVutcE7DXtR9rTKFq76ODaQ=="
    }
  }
}
